{
  "name": "example-node",
  "version": "1.0.0",
  "lockfileVersion": 3,
  "requires": true,
  "packages": {
    "": {
      "name": "example-node",
      "version": "1.0.0",
      "license": "MIT",
      "dependencies": {
        "fastschema": "file:../.."
      }
    },
    "../..": {
      "name": "fastschema",
      "version": "1.0.1",
      "license": "MIT",
      "dependencies": {
        "base-64": "^1.0.0",
        "js-cookie": "^3.0.5",
        "jwt-decode": "^4.0.0",
        "ws": "^8.17.1"
      },
      "devDependencies": {
        "@rollup/plugin-terser": "^0.4.4",
        "@rollup/plugin-typescript": "^11.1.6",
        "@types/js-cookie": "^3.0.6",
        "@types/node": "^20.14.2",
        "@vitest/coverage-istanbul": "^1.6.0",
        "@vitest/coverage-v8": "^1.6.0",
        "@vitest/ui": "^1.6.0",
        "@web-std/file": "^3.0.3",
        "happy-dom": "^14.12.0",
        "jsdom": "^24.1.0",
        "rimraf": "^5.0.7",
        "tslib": "^2.6.3",
        "typescript": "^5.2.2",
        "vite": "^5.2.0",
        "vitest": "^1.6.0",
        "vitest-fetch-mock": "^0.2.2"
      }
    },
    "node_modules/fastschema": {
      "resolved": "../..",
      "link": true
    }
  }
}
